
Microsoft Visual Studio Solution File, Format Version 12.00
# Visual Studio Version 17
VisualStudioVersion = 17.11.35222.181
MinimumVisualStudioVersion = 10.0.40219.1
Project("{FAE04EC0-301F-11D3-BF4B-00C04F79EFBC}") = "MusicApp", "MusicApp\MusicApp.csproj", "{E701BEEF-1FB7-4721-BD0A-20198295FED6}"
EndProject
Project("{FAE04EC0-301F-11D3-BF4B-00C04F79EFBC}") = "MusicApp.DAL", "MusicApp.DAL\MusicApp.DAL.csproj", "{01A7842D-7407-490B-AB3C-1C4E2117861E}"
EndProject
Project("{FAE04EC0-301F-11D3-BF4B-00C04F79EFBC}") = "MusicApp.BLL", "MusicApp.BLL\MusicApp.BLL.csproj", "{162D21E1-FC0B-4EDF-918A-B80A03809ED0}"
EndProject
Global
	GlobalSection(SolutionConfigurationPlatforms) = preSolution
		Debug|Any CPU = Debug|Any CPU
		Release|Any CPU = Release|Any CPU
	EndGlobalSection
	GlobalSection(ProjectConfigurationPlatforms) = postSolution
		{E701BEEF-1FB7-4721-BD0A-20198295FED6}.Debug|Any CPU.ActiveCfg = Debug|Any CPU
		{E701BEEF-1FB7-4721-BD0A-20198295FED6}.Debug|Any CPU.Build.0 = Debug|Any CPU
		{E701BEEF-1FB7-4721-BD0A-20198295FED6}.Release|Any CPU.ActiveCfg = Release|Any CPU
		{E701BEEF-1FB7-4721-BD0A-20198295FED6}.Release|Any CPU.Build.0 = Release|Any CPU
		{01A7842D-7407-490B-AB3C-1C4E2117861E}.Debug|Any CPU.ActiveCfg = Debug|Any CPU
		{01A7842D-7407-490B-AB3C-1C4E2117861E}.Debug|Any CPU.Build.0 = Debug|Any CPU
		{01A7842D-7407-490B-AB3C-1C4E2117861E}.Release|Any CPU.ActiveCfg = Release|Any CPU
		{01A7842D-7407-490B-AB3C-1C4E2117861E}.Release|Any CPU.Build.0 = Release|Any CPU
		{162D21E1-FC0B-4EDF-918A-B80A03809ED0}.Debug|Any CPU.ActiveCfg = Debug|Any CPU
		{162D21E1-FC0B-4EDF-918A-B80A03809ED0}.Debug|Any CPU.Build.0 = Debug|Any CPU
		{162D21E1-FC0B-4EDF-918A-B80A03809ED0}.Release|Any CPU.ActiveCfg = Release|Any CPU
		{162D21E1-FC0B-4EDF-918A-B80A03809ED0}.Release|Any CPU.Build.0 = Release|Any CPU
	EndGlobalSection
	GlobalSection(SolutionProperties) = preSolution
		HideSolutionNode = FALSE
	EndGlobalSection
	GlobalSection(ExtensibilityGlobals) = postSolution
		SolutionGuid = {AFB1CF86-E826-4D15-8E7E-C7D0056E8F8A}
	EndGlobalSection
EndGlobal
